
Microsoft Visual Studio Solution File, Format Version 12.00
# Visual Studio Version 16
VisualStudioVersion = 16.0.31424.327
MinimumVisualStudioVersion = 10.0.40219.1
Project("{FAE04EC0-301F-11D3-BF4B-00C04F79EFBC}") = "RectangleProject", "RectangleProject.csproj", "{B11492E8-1872-4BD8-BD27-6708E87CD9BA}"
EndProject
Global
	GlobalSection(SolutionConfigurationPlatforms) = preSolution
		Debug|Any CPU = Debug|Any CPU
		Release|Any CPU = Release|Any CPU
	EndGlobalSection
	GlobalSection(ProjectConfigurationPlatforms) = postSolution
		{B11492E8-1872-4BD8-BD27-6708E87CD9BA}.Debug|Any CPU.ActiveCfg = Debug|Any CPU
		{B11492E8-1872-4BD8-BD27-6708E87CD9BA}.Debug|Any CPU.Build.0 = Debug|Any CPU
		{B11492E8-1872-4BD8-BD27-6708E87CD9BA}.Release|Any CPU.ActiveCfg = Release|Any CPU
		{B11492E8-1872-4BD8-BD27-6708E87CD9BA}.Release|Any CPU.Build.0 = Release|Any CPU
	EndGlobalSection
	GlobalSection(SolutionProperties) = preSolution
		HideSolutionNode = FALSE
	EndGlobalSection
	GlobalSection(ExtensibilityGlobals) = postSolution
		SolutionGuid = {B2A83D13-19FB-4AE0-BAA5-D895593E39F2}
	EndGlobalSection
EndGlobal
